
Microsoft Visual Studio Solution File, Format Version 12.00
# Visual Studio 15
VisualStudioVersion = 15.0.26730.10
MinimumVisualStudioVersion = 10.0.40219.1
Project("{FAE04EC0-301F-11D3-BF4B-00C04F79EFBC}") = "OpenGLGame", "OpenGLGame\OpenGLGame.csproj", "{88534AB8-6C7F-4683-9F07-4439B474AFA6}"
EndProject
Global
	GlobalSection(SolutionConfigurationPlatforms) = preSolution
		Debug|Any CPU = Debug|Any CPU
		Release|Any CPU = Release|Any CPU
	EndGlobalSection
	GlobalSection(ProjectConfigurationPlatforms) = postSolution
		{88534AB8-6C7F-4683-9F07-4439B474AFA6}.Debug|Any CPU.ActiveCfg = Debug|Any CPU
		{88534AB8-6C7F-4683-9F07-4439B474AFA6}.Debug|Any CPU.Build.0 = Debug|Any CPU
		{88534AB8-6C7F-4683-9F07-4439B474AFA6}.Release|Any CPU.ActiveCfg = Release|Any CPU
		{88534AB8-6C7F-4683-9F07-4439B474AFA6}.Release|Any CPU.Build.0 = Release|Any CPU
	EndGlobalSection
	GlobalSection(SolutionProperties) = preSolution
		HideSolutionNode = FALSE
	EndGlobalSection
	GlobalSection(ExtensibilityGlobals) = postSolution
		SolutionGuid = {222262DB-E754-4D92-AE68-FC11DFBA0EA5}
	EndGlobalSection
EndGlobal
